github.com/ttd2089/shellout v0.0.0-20221203132534-0b33d815451e h1:J67IqeOOCFf6nEXIy+VZYCqlMdFVBEgZIeKQaNYrXxk=
github.com/ttd2089/shellout v0.0.0-20221203132534-0b33d815451e/go.mod h1:E77Gx5CdxKq81qtCx6aSfL0uCRjURRfevp0d00HdVoY=
github.com/ttd2089/tyers v0.0.0-20221201124910-edf5ecef46e3 h1:yC+K4Nf90Fjqmx7POOmpJMrsV7pcN2C1C5dUbpGYy6k=
github.com/ttd2089/tyers v0.0.0-20221201124910-edf5ecef46e3/go.mod h1:0XJtbQESJPy4LxtkcDfLuH9MP+98JCSS/1Pvx9qNiJY=
